// !$*UTF8*$!
{
	archiveVersion = 1;
	classes = {
	};
	objectVersion = 55;
	objects = {

/* Begin PBXBuildFile section */
		4210C69B287C649100650DF5 /* AirQualityContentViewController.swift in Sources */ = {isa = PBXBuildFile; fileRef = 4210C69A287C649100650DF5 /* AirQualityContentViewController.swift */; };
		4210C69D287C695800650DF5 /* PlantContentViewController.swift in Sources */ = {isa = PBXBuildFile; fileRef = 4210C69C287C695800650DF5 /* PlantContentViewController.swift */; };
		4210C69F287C69F000650DF5 /* FireWaterContentViewController.swift in Sources */ = {isa = PBXBuildFile; fileRef = 4210C69E287C69F000650DF5 /* FireWaterContentViewController.swift */; };
		4210C6A1287C6A4F00650DF5 /* SoilContentViewController.swift in Sources */ = {isa = PBXBuildFile; fileRef = 4210C6A0287C6A4F00650DF5 /* SoilContentViewController.swift */; };
		4270942B286BE7200002E95A /* TabBarController.swift in Sources */ = {isa = PBXBuildFile; fileRef = 4270942A286BE7200002E95A /* TabBarController.swift */; };
		42B799352869395E0010E6A2 /* AppDelegate.swift in Sources */ = {isa = PBXBuildFile; fileRef = 42B799342869395E0010E6A2 /* AppDelegate.swift */; };
		42B799372869395E0010E6A2 /* SceneDelegate.swift in Sources */ = {isa = PBXBuildFile; fileRef = 42B799362869395E0010E6A2 /* SceneDelegate.swift */; };
		42B7993C2869395E0010E6A2 /* Main.storyboard in Resources */ = {isa = PBXBuildFile; fileRef = 42B7993A2869395E0010E6A2 /* Main.storyboard */; };
		42B7993E286939610010E6A2 /* Assets.xcassets in Resources */ = {isa = PBXBuildFile; fileRef = 42B7993D286939610010E6A2 /* Assets.xcassets */; };
		42B79941286939610010E6A2 /* LaunchScreen.storyboard in Resources */ = {isa = PBXBuildFile; fileRef = 42B7993F286939610010E6A2 /* LaunchScreen.storyboard */; };
		42FAE0B3287B59E1001D068C /* WeatherContentViewController.swift in Sources */ = {isa = PBXBuildFile; fileRef = 42FAE0B2287B59DF001D068C /* WeatherContentViewController.swift */; };
/* End PBXBuildFile section */

/* Begin PBXFileReference section */
		4210C69A287C649100650DF5 /* AirQualityContentViewController.swift */ = {isa = PBXFileReference; lastKnownFileType = sourcecode.swift; path = AirQualityContentViewController.swift; sourceTree = "<group>"; };
		4210C69C287C695800650DF5 /* PlantContentViewController.swift */ = {isa = PBXFileReference; lastKnownFileType = sourcecode.swift; path = PlantContentViewController.swift; sourceTree = "<group>"; };
		4210C69E287C69F000650DF5 /* FireWaterContentViewController.swift */ = {isa = PBXFileReference; lastKnownFileType = sourcecode.swift; path = FireWaterContentViewController.swift; sourceTree = "<group>"; };
		4210C6A0287C6A4F00650DF5 /* SoilContentViewController.swift */ = {isa = PBXFileReference; lastKnownFileType = sourcecode.swift; path = SoilContentViewController.swift; sourceTree = "<group>"; };
		4270942A286BE7200002E95A /* TabBarController.swift */ = {isa = PBXFileReference; lastKnownFileType = sourcecode.swift; path = TabBarController.swift; sourceTree = "<group>"; };
		42B799312869395E0010E6A2 /* EnviroMate.app */ = {isa = PBXFileReference; explicitFileType = wrapper.application; includeInIndex = 0; path = EnviroMate.app; sourceTree = BUILT_PRODUCTS_DIR; };
		42B799342869395E0010E6A2 /* AppDelegate.swift */ = {isa = PBXFileReference; lastKnownFileType = sourcecode.swift; path = AppDelegate.swift; sourceTree = "<group>"; };
		42B799362869395E0010E6A2 /* SceneDelegate.swift */ = {isa = PBXFileReference; lastKnownFileType = sourcecode.swift; path = SceneDelegate.swift; sourceTree = "<group>"; };
		42B7993B2869395E0010E6A2 /* Base */ = {isa = PBXFileReference; lastKnownFileType = file.storyboard; name = Base; path = Base.lproj/Main.storyboard; sourceTree = "<group>"; };
		42B7993D286939610010E6A2 /* Assets.xcassets */ = {isa = PBXFileReference; lastKnownFileType = folder.assetcatalog; path = Assets.xcassets; sourceTree = "<group>"; };
		42B79940286939610010E6A2 /* Base */ = {isa = PBXFileReference; lastKnownFileType = file.storyboard; name = Base; path = Base.lproj/LaunchScreen.storyboard; sourceTree = "<group>"; };
		42B79942286939610010E6A2 /* Info.plist */ = {isa = PBXFileReference; lastKnownFileType = text.plist.xml; path = Info.plist; sourceTree = "<group>"; };
		42FAE0AC287B453A001D068C /* Config.xcconfig */ = {isa = PBXFileReference; lastKnownFileType = text.xcconfig; path = Config.xcconfig; sourceTree = "<group>"; };
		42FAE0B2287B59DF001D068C /* WeatherContentViewController.swift */ = {isa = PBXFileReference; lastKnownFileType = sourcecode.swift; path = WeatherContentViewController.swift; sourceTree = "<group>"; };
/* End PBXFileReference section */

/* Begin PBXFrameworksBuildPhase section */
		42B7992E2869395E0010E6A2 /* Frameworks */ = {
			isa = PBXFrameworksBuildPhase;
			buildActionMask = 2147483647;
			files = (
			);
			runOnlyForDeploymentPostprocessing = 0;
		};
/* End PBXFrameworksBuildPhase section */

/* Begin PBXGroup section */
		42B799282869395E0010E6A2 = {
			isa = PBXGroup;
			children = (
				42FAE0AC287B453A001D068C /* Config.xcconfig */,
				42B799332869395E0010E6A2 /* EnviroMate */,
				42B799322869395E0010E6A2 /* Products */,
			);
			sourceTree = "<group>";
		};
		42B799322869395E0010E6A2 /* Products */ = {
			isa = PBXGroup;
			children = (
				42B799312869395E0010E6A2 /* EnviroMate.app */,
			);
			name = Products;
			sourceTree = "<group>";
		};
		42B799332869395E0010E6A2 /* EnviroMate */ = {
			isa = PBXGroup;
			children = (
				4210C6A0287C6A4F00650DF5 /* SoilContentViewController.swift */,
				42B799342869395E0010E6A2 /* AppDelegate.swift */,
				42B799362869395E0010E6A2 /* SceneDelegate.swift */,
				4270942A286BE7200002E95A /* TabBarController.swift */,
				42FAE0B2287B59DF001D068C /* WeatherContentViewController.swift */,
				4210C69E287C69F000650DF5 /* FireWaterContentViewController.swift */,
				42B7993A2869395E0010E6A2 /* Main.storyboard */,
				4210C69C287C695800650DF5 /* PlantContentViewController.swift */,
				4210C69A287C649100650DF5 /* AirQualityContentViewController.swift */,
				42B7993D286939610010E6A2 /* Assets.xcassets */,
				42B7993F286939610010E6A2 /* LaunchScreen.storyboard */,
				42B79942286939610010E6A2 /* Info.plist */,
			);
			path = EnviroMate;
			sourceTree = "<group>";
		};
/* End PBXGroup section */

/* Begin PBXNativeTarget section */
		42B799302869395E0010E6A2 /* EnviroMate */ = {
			isa = PBXNativeTarget;
			buildConfigurationList = 42B79945286939610010E6A2 /* Build configuration list for PBXNativeTarget "EnviroMate" */;
			buildPhases = (
				42B7992D2869395E0010E6A2 /* Sources */,
				42B7992E2869395E0010E6A2 /* Frameworks */,
				42B7992F2869395E0010E6A2 /* Resources */,
			);
			buildRules = (
			);
			dependencies = (
			);
			name = EnviroMate;
			productName = EnviroMate;
			productReference = 42B799312869395E0010E6A2 /* EnviroMate.app */;
			productType = "com.apple.product-type.application";
		};
/* End PBXNativeTarget section */

/* Begin PBXProject section */
		42B799292869395E0010E6A2 /* Project object */ = {
			isa = PBXProject;
			attributes = {
				BuildIndependentTargetsInParallel = 1;
				LastSwiftUpdateCheck = 1340;
				LastUpgradeCheck = 1340;
				TargetAttributes = {
					42B799302869395E0010E6A2 = {
						CreatedOnToolsVersion = 13.4.1;
					};
				};
			};
			buildConfigurationList = 42B7992C2869395E0010E6A2 /* Build configuration list for PBXProject "EnviroMate" */;
			compatibilityVersion = "Xcode 13.0";
			developmentRegion = en;
			hasScannedForEncodings = 0;
			knownRegions = (
				en,
				Base,
			);
			mainGroup = 42B799282869395E0010E6A2;
			productRefGroup = 42B799322869395E0010E6A2 /* Products */;
			projectDirPath = "";
			projectRoot = "";
			targets = (
				42B799302869395E0010E6A2 /* EnviroMate */,
			);
		};
/* End PBXProject section */

/* Begin PBXResourcesBuildPhase section */
		42B7992F2869395E0010E6A2 /* Resources */ = {
			isa = PBXResourcesBuildPhase;
			buildActionMask = 2147483647;
			files = (
				42B79941286939610010E6A2 /* LaunchScreen.storyboard in Resources */,
				42B7993E286939610010E6A2 /* Assets.xcassets in Resources */,
				42B7993C2869395E0010E6A2 /* Main.storyboard in Resources */,
			);
			runOnlyForDeploymentPostprocessing = 0;
		};
/* End PBXResourcesBuildPhase section */

/* Begin PBXSourcesBuildPhase section */
		42B7992D2869395E0010E6A2 /* Sources */ = {
			isa = PBXSourcesBuildPhase;
			buildActionMask = 2147483647;
			files = (
				4210C69B287C649100650DF5 /* AirQualityContentViewController.swift in Sources */,
				4270942B286BE7200002E95A /* TabBarController.swift in Sources */,
				42B799352869395E0010E6A2 /* AppDelegate.swift in Sources */,
				4210C6A1287C6A4F00650DF5 /* SoilContentViewController.swift in Sources */,
				42B799372869395E0010E6A2 /* SceneDelegate.swift in Sources */,
				4210C69D287C695800650DF5 /* PlantContentViewController.swift in Sources */,
				4210C69F287C69F000650DF5 /* FireWaterContentViewController.swift in Sources */,
				42FAE0B3287B59E1001D068C /* WeatherContentViewController.swift in Sources */,
			);
			runOnlyForDeploymentPostprocessing = 0;
		};
/* End PBXSourcesBuildPhase section */

/* Begin PBXVariantGroup section */
		42B7993A2869395E0010E6A2 /* Main.storyboard */ = {
			isa = PBXVariantGroup;
			children = (
				42B7993B2869395E0010E6A2 /* Base */,
			);
			name = Main.storyboard;
			sourceTree = "<group>";
		};
		42B7993F286939610010E6A2 /* LaunchScreen.storyboard */ = {
			isa = PBXVariantGroup;
			children = (
				42B79940286939610010E6A2 /* Base */,
			);
			name = LaunchScreen.storyboard;
			sourceTree = "<group>";
		};
/* End PBXVariantGroup section */

/* Begin XCBuildConfiguration section */
		42B79943286939610010E6A2 /* Debug */ = {
			isa = XCBuildConfiguration;
			baseConfigurationReference = 42FAE0AC287B453A001D068C /* Config.xcconfig */;
			buildSettings = {
				ALWAYS_SEARCH_USER_PATHS = NO;
				CLANG_ANALYZER_NONNULL = YES;
				CLANG_ANALYZER_NUMBER_OBJECT_CONVERSION = YES_AGGRESSIVE;
				CLANG_CXX_LANGUAGE_STANDARD = "gnu++17";
				CLANG_ENABLE_MODULES = YES;
				CLANG_ENABLE_OBJC_ARC = YES;
				CLANG_ENABLE_OBJC_WEAK = YES;
				CLANG_WARN_BLOCK_CAPTURE_AUTORELEASING = YES;
				CLANG_WARN_BOOL_CONVERSION = YES;
				CLANG_WARN_COMMA = YES;
				CLANG_WARN_CONSTANT_CONVERSION = YES;
				CLANG_WARN_DEPRECATED_OBJC_IMPLEMENTATIONS = YES;
				CLANG_WARN_DIRECT_OBJC_ISA_USAGE = YES_ERROR;
				CLANG_WARN_DOCUMENTATION_COMMENTS = YES;
				CLANG_WARN_EMPTY_BODY = YES;
				CLANG_WARN_ENUM_CONVERSION = YES;
				CLANG_WARN_INFINITE_RECURSION = YES;
				CLANG_WARN_INT_CONVERSION = YES;
				CLANG_WARN_NON_LITERAL_NULL_CONVERSION = YES;
				CLANG_WARN_OBJC_IMPLICIT_RETAIN_SELF = YES;
				CLANG_WARN_OBJC_LITERAL_CONVERSION = YES;
				CLANG_WARN_OBJC_ROOT_CLASS = YES_ERROR;
				CLANG_WARN_QUOTED_INCLUDE_IN_FRAMEWORK_HEADER = YES;
				CLANG_WARN_RANGE_LOOP_ANALYSIS = YES;
				CLANG_WARN_STRICT_PROTOTYPES = YES;
				CLANG_WARN_SUSPICIOUS_MOVE = YES;
				CLANG_WARN_UNGUARDED_AVAILABILITY = YES_AGGRESSIVE;
				CLANG_WARN_UNREACHABLE_CODE = YES;
				CLANG_WARN__DUPLICATE_METHOD_MATCH = YES;
				COPY_PHASE_STRIP = NO;
				DEBUG_INFORMATION_FORMAT = dwarf;
				ENABLE_STRICT_OBJC_MSGSEND = YES;
				ENABLE_TESTABILITY = YES;
				GCC_C_LANGUAGE_STANDARD = gnu11;
				GCC_DYNAMIC_NO_PIC = NO;
				GCC_NO_COMMON_BLOCKS = YES;
				GCC_OPTIMIZATION_LEVEL = 0;
				GCC_PREPROCESSOR_DEFINITIONS = (
					"DEBUG=1",
					"$(inherited)",
				);
				GCC_WARN_64_TO_32_BIT_CONVERSION = YES;
				GCC_WARN_ABOUT_RETURN_TYPE = YES_ERROR;
				GCC_WARN_UNDECLARED_SELECTOR = YES;
				GCC_WARN_UNINITIALIZED_AUTOS = YES_AGGRESSIVE;
				GCC_WARN_UNUSED_FUNCTION = YES;
				GCC_WARN_UNUSED_VARIABLE = YES;
				IPHONEOS_DEPLOYMENT_TARGET = 15.5;
				MTL_ENABLE_DEBUG_INFO = INCLUDE_SOURCE;
				MTL_FAST_MATH = YES;
				ONLY_ACTIVE_ARCH = YES;
				SDKROOT = iphoneos;
				SWIFT_ACTIVE_COMPILATION_CONDITIONS = DEBUG;
				SWIFT_OPTIMIZATION_LEVEL = "-Onone";
			};
			name = Debug;
		};
		42B79944286939610010E6A2 /* Release */ = {
			isa = XCBuildConfiguration;
			baseConfigurationReference = 42FAE0AC287B453A001D068C /* Config.xcconfig */;
			buildSettings = {
				ALWAYS_SEARCH_USER_PATHS = NO;
				CLANG_ANALYZER_NONNULL = YES;
				CLANG_ANALYZER_NUMBER_OBJECT_CONVERSION = YES_AGGRESSIVE;
				CLANG_CXX_LANGUAGE_STANDARD = "gnu++17";
				CLANG_ENABLE_MODULES = YES;
				CLANG_ENABLE_OBJC_ARC = YES;
				CLANG_ENABLE_OBJC_WEAK = YES;
				CLANG_WARN_BLOCK_CAPTURE_AUTORELEASING = YES;
				CLANG_WARN_BOOL_CONVERSION = YES;
				CLANG_WARN_COMMA = YES;
				CLANG_WARN_CONSTANT_CONVERSION = YES;
				CLANG_WARN_DEPRECATED_OBJC_IMPLEMENTATIONS = YES;
				CLANG_WARN_DIRECT_OBJC_ISA_USAGE = YES_ERROR;
				CLANG_WARN_DOCUMENTATION_COMMENTS = YES;
				CLANG_WARN_EMPTY_BODY = YES;
				CLANG_WARN_ENUM_CONVERSION = YES;
				CLANG_WARN_INFINITE_RECURSION = YES;
				CLANG_WARN_INT_CONVERSION = YES;
				CLANG_WARN_NON_LITERAL_NULL_CONVERSION = YES;
				CLANG_WARN_OBJC_IMPLICIT_RETAIN_SELF = YES;
				CLANG_WARN_OBJC_LITERAL_CONVERSION = YES;
				CLANG_WARN_OBJC_ROOT_CLASS = YES_ERROR;
				CLANG_WARN_QUOTED_INCLUDE_IN_FRAMEWORK_HEADER = YES;
				CLANG_WARN_RANGE_LOOP_ANALYSIS = YES;
				CLANG_WARN_STRICT_PROTOTYPES = YES;
				CLANG_WARN_SUSPICIOUS_MOVE = YES;
				CLANG_WARN_UNGUARDED_AVAILABILITY = YES_AGGRESSIVE;
				CLANG_WARN_UNREACHABLE_CODE = YES;
				CLANG_WARN__DUPLICATE_METHOD_MATCH = YES;
				COPY_PHASE_STRIP = NO;
				DEBUG_INFORMATION_FORMAT = "dwarf-with-dsym";
				ENABLE_NS_ASSERTIONS = NO;
				ENABLE_STRICT_OBJC_MSGSEND = YES;
				GCC_C_LANGUAGE_STANDARD = gnu11;
				GCC_NO_COMMON_BLOCKS = YES;
				GCC_WARN_64_TO_32_BIT_CONVERSION = YES;
				GCC_WARN_ABOUT_RETURN_TYPE = YES_ERROR;
				GCC_WARN_UNDECLARED_SELECTOR = YES;
				GCC_WARN_UNINITIALIZED_AUTOS = YES_AGGRESSIVE;
				GCC_WARN_UNUSED_FUNCTION = YES;
				GCC_WARN_UNUSED_VARIABLE = YES;
				IPHONEOS_DEPLOYMENT_TARGET = 15.5;
				MTL_ENABLE_DEBUG_INFO = NO;
				MTL_FAST_MATH = YES;
				SDKROOT = iphoneos;
				SWIFT_COMPILATION_MODE = wholemodule;
				SWIFT_OPTIMIZATION_LEVEL = "-O";
				VALIDATE_PRODUCT = YES;
			};
			name = Release;
		};
		42B79946286939610010E6A2 /* Debug */ = {
			isa = XCBuildConfiguration;
			buildSettings = {
				ASSETCATALOG_COMPILER_APPICON_NAME = AppIcon;
				ASSETCATALOG_COMPILER_GLOBAL_ACCENT_COLOR_NAME = AccentColor;
				CODE_SIGN_STYLE = Automatic;
				CURRENT_PROJECT_VERSION = 1;
				DEVELOPMENT_TEAM = 5VRGPAUNYR;
				GENERATE_INFOPLIST_FILE = YES;
				INFOPLIST_FILE = EnviroMate/Info.plist;
				INFOPLIST_KEY_UIApplicationSupportsIndirectInputEvents = YES;
				INFOPLIST_KEY_UILaunchStoryboardName = LaunchScreen;
				INFOPLIST_KEY_UIMainStoryboardFile = Main;
				INFOPLIST_KEY_UIStatusBarHidden = NO;
				INFOPLIST_KEY_UISupportedInterfaceOrientations = UIInterfaceOrientationPortrait;
				INFOPLIST_KEY_UISupportedInterfaceOrientations_iPad = "UIInterfaceOrientationPortrait UIInterfaceOrientationPortraitUpsideDown UIInterfaceOrientationLandscapeLeft UIInterfaceOrientationLandscapeRight";
				INFOPLIST_KEY_UISupportedInterfaceOrientations_iPhone = "UIInterfaceOrientationPortrait UIInterfaceOrientationLandscapeLeft UIInterfaceOrientationLandscapeRight";
				LD_RUNPATH_SEARCH_PATHS = (
					"$(inherited)",
					"@executable_path/Frameworks",
				);
				MARKETING_VERSION = 1.0;
				PRODUCT_BUNDLE_IDENTIFIER = com.applearning.EnviroMate;
				PRODUCT_NAME = "$(TARGET_NAME)";
				SWIFT_EMIT_LOC_STRINGS = YES;
				SWIFT_VERSION = 5.0;
				TARGETED_DEVICE_FAMILY = 1;
			};
			name = Debug;
		};
		42B79947286939610010E6A2 /* Release */ = {
			isa = XCBuildConfiguration;
			buildSettings = {
				ASSETCATALOG_COMPILER_APPICON_NAME = AppIcon;
				ASSETCATALOG_COMPILER_GLOBAL_ACCENT_COLOR_NAME = AccentColor;
				CODE_SIGN_STYLE = Automatic;
				CURRENT_PROJECT_VERSION = 1;
				DEVELOPMENT_TEAM = 5VRGPAUNYR;
				GENERATE_INFOPLIST_FILE = YES;
				INFOPLIST_FILE = EnviroMate/Info.plist;
				INFOPLIST_KEY_UIApplicationSupportsIndirectInputEvents = YES;
				INFOPLIST_KEY_UILaunchStoryboardName = LaunchScreen;
				INFOPLIST_KEY_UIMainStoryboardFile = Main;
				INFOPLIST_KEY_UIStatusBarHidden = NO;
				INFOPLIST_KEY_UISupportedInterfaceOrientations = UIInterfaceOrientationPortrait;
				INFOPLIST_KEY_UISupportedInterfaceOrientations_iPad = "UIInterfaceOrientationPortrait UIInterfaceOrientationPortraitUpsideDown UIInterfaceOrientationLandscapeLeft UIInterfaceOrientationLandscapeRight";
				INFOPLIST_KEY_UISupportedInterfaceOrientations_iPhone = "UIInterfaceOrientationPortrait UIInterfaceOrientationLandscapeLeft UIInterfaceOrientationLandscapeRight";
				LD_RUNPATH_SEARCH_PATHS = (
					"$(inherited)",
					"@executable_path/Frameworks",
				);
				MARKETING_VERSION = 1.0;
				PRODUCT_BUNDLE_IDENTIFIER = com.applearning.EnviroMate;
				PRODUCT_NAME = "$(TARGET_NAME)";
				SWIFT_EMIT_LOC_STRINGS = YES;
				SWIFT_VERSION = 5.0;
				TARGETED_DEVICE_FAMILY = 1;
			};
			name = Release;
		};
/* End XCBuildConfiguration section */

/* Begin XCConfigurationList section */
		42B7992C2869395E0010E6A2 /* Build configuration list for PBXProject "EnviroMate" */ = {
			isa = XCConfigurationList;
			buildConfigurations = (
				42B79943286939610010E6A2 /* Debug */,
				42B79944286939610010E6A2 /* Release */,
			);
			defaultConfigurationIsVisible = 0;
			defaultConfigurationName = Release;
		};
		42B79945286939610010E6A2 /* Build configuration list for PBXNativeTarget "EnviroMate" */ = {
			isa = XCConfigurationList;
			buildConfigurations = (
				42B79946286939610010E6A2 /* Debug */,
				42B79947286939610010E6A2 /* Release */,
			);
			defaultConfigurationIsVisible = 0;
			defaultConfigurationName = Release;
		};
/* End XCConfigurationList section */
	};
	rootObject = 42B799292869395E0010E6A2 /* Project object */;
}
